github.com/afeiship/go-fetch v1.0.6 h1:+RoGWhOlD/iVx15TlE3XWJjKoKtQijAiOMPpwuH3OAI=
github.com/afeiship/go-fetch v1.0.6/go.mod h1:Y8OqPF+CozTlPZjFr4hPB7snenD5jyzqsmYw2PUGmmc=
github.com/afeiship/go-reader v1.0.3 h1:Eg2dCJb2S9ck/VjtxR46UKXzZYVO8Iy6aUkd5CTlJ9I=
github.com/afeiship/go-reader v1.0.3/go.mod h1:pw5D8IW1lbpve9qzj4KW3YpsJ7rxc/nZb9BxWEF5Jrg=
github.com/afeiship/nx v1.0.4 h1:EEmZX8Ma9Lm5IBJTJmv46HanJrBxrcBkLvEkdDyJmt8=
github.com/afeiship/nx v1.0.4/go.mod h1:LGn9+CI2UJ/fiEVsxSuVPW/o6J3rc2cqAM75aLXEfF8=
github.com/google/shlex v0.0.0-20191202100458-e7afc7fbc510 h1:El6M4kTTCOh6aBiKaUGG7oYTSPP8MxqL4YI3kZKwcP4=
github.com/google/shlex v0.0.0-20191202100458-e7afc7fbc510/go.mod h1:pupxD2MaaD3pAXIBCelhxNneeOaAeabZDe5s4K6zSpQ=
